# This file is autogenerated, do not edit; changes may be undone by the next 'dep ensure'.


[[projects]]
  digest = "1:cf31692c14422fa27c83a05292eb5cbe0fb2775972e8f1f8446a71549bd8980b"
  name = "github.com/pkg/errors"
  packages = ["."]
  pruneopts = "UT"
  revision = "ba968bfe8b2f7e042a574c888954fccecfa385b4"
  version = "v0.8.1"

[[projects]]
  branch = "master"
  digest = "1:bbe51412d9915d64ffaa96b51d409e070665efc5194fcf145c4a27d4133107a4"
  name = "golang.org/x/crypto"
  packages = ["ssh/terminal"]
  pruneopts = "UT"
  revision = "d864b10871cd4370fe574816b489c819c675ccc7"

[[projects]]
  branch = "master"
  digest = "1:0b1c39a5f01b898239cc5c6ee20c6535cb2621685206a371d4a489477d75511b"
  name = "golang.org/x/sys"
  packages = [
    "unix",
    "windows",
  ]
  pruneopts = "UT"
  revision = "953cdadca894cdc07be76fc99f95b40c28f06623"

[solve-meta]
  analyzer-name = "dep"
  analyzer-version = 1
  input-imports = [
    "github.com/pkg/errors",
    "golang.org/x/crypto/ssh/terminal",
    "golang.org/x/sys/unix",
  ]
  solver-name = "gps-cdcl"
  solver-version = 1
